
Microsoft Visual Studio Solution File, Format Version 12.00
# Visual Studio Version 17
VisualStudioVersion = 17.2.32630.192
MinimumVisualStudioVersion = 10.0.40219.1
Project("{9092AA53-FB77-4645-B42D-1CCCA6BD08BD}") = "Coral Reef Monitor", "Coral Reef Monitor\Coral Reef Monitor.njsproj", "{3582C0E1-862B-4E91-ADE3-27C6E5EDDE1A}"
EndProject
Global
	GlobalSection(SolutionConfigurationPlatforms) = preSolution
		Debug|Any CPU = Debug|Any CPU
		Release|Any CPU = Release|Any CPU
	EndGlobalSection
	GlobalSection(ProjectConfigurationPlatforms) = postSolution
		{3582C0E1-862B-4E91-ADE3-27C6E5EDDE1A}.Debug|Any CPU.ActiveCfg = Debug|Any CPU
		{3582C0E1-862B-4E91-ADE3-27C6E5EDDE1A}.Debug|Any CPU.Build.0 = Debug|Any CPU
		{3582C0E1-862B-4E91-ADE3-27C6E5EDDE1A}.Release|Any CPU.ActiveCfg = Release|Any CPU
		{3582C0E1-862B-4E91-ADE3-27C6E5EDDE1A}.Release|Any CPU.Build.0 = Release|Any CPU
	EndGlobalSection
	GlobalSection(SolutionProperties) = preSolution
		HideSolutionNode = FALSE
	EndGlobalSection
	GlobalSection(ExtensibilityGlobals) = postSolution
		SolutionGuid = {427E42B6-6623-4F7F-8F7F-0F171539E708}
	EndGlobalSection
EndGlobal
